
Microsoft Visual Studio Solution File, Format Version 12.00
# Visual Studio 15
VisualStudioVersion = 15.0.28307.106
MinimumVisualStudioVersion = 10.0.40219.1
Project("{8BC9CEB8-8B4A-11D0-8D11-00A0C91BC942}") = "2156 포도주", "2156 포도주\2156 포도주.vcxproj", "{AFF63B22-DAFB-4A10-A617-1791EE218346}"
EndProject
Global
	GlobalSection(SolutionConfigurationPlatforms) = preSolution
		Debug|x64 = Debug|x64
		Debug|x86 = Debug|x86
		Release|x64 = Release|x64
		Release|x86 = Release|x86
	EndGlobalSection
	GlobalSection(ProjectConfigurationPlatforms) = postSolution
		{AFF63B22-DAFB-4A10-A617-1791EE218346}.Debug|x64.ActiveCfg = Debug|x64
		{AFF63B22-DAFB-4A10-A617-1791EE218346}.Debug|x64.Build.0 = Debug|x64
		{AFF63B22-DAFB-4A10-A617-1791EE218346}.Debug|x86.ActiveCfg = Debug|Win32
		{AFF63B22-DAFB-4A10-A617-1791EE218346}.Debug|x86.Build.0 = Debug|Win32
		{AFF63B22-DAFB-4A10-A617-1791EE218346}.Release|x64.ActiveCfg = Release|x64
		{AFF63B22-DAFB-4A10-A617-1791EE218346}.Release|x64.Build.0 = Release|x64
		{AFF63B22-DAFB-4A10-A617-1791EE218346}.Release|x86.ActiveCfg = Release|Win32
		{AFF63B22-DAFB-4A10-A617-1791EE218346}.Release|x86.Build.0 = Release|Win32
	EndGlobalSection
	GlobalSection(SolutionProperties) = preSolution
		HideSolutionNode = FALSE
	EndGlobalSection
	GlobalSection(ExtensibilityGlobals) = postSolution
		SolutionGuid = {EEF07456-AB61-4A2B-9377-DB2E97D45E06}
	EndGlobalSection
EndGlobal
