
Microsoft Visual Studio Solution File, Format Version 12.00
# Visual Studio 15
VisualStudioVersion = 15.0.28307.106
MinimumVisualStudioVersion = 10.0.40219.1
Project("{8BC9CEB8-8B4A-11D0-8D11-00A0C91BC942}") = "2455 지능형기차", "2455 지능형기차\2455 지능형기차.vcxproj", "{6B8FD385-F6C9-4EE9-8CE8-BB44A9200D11}"
EndProject
Global
	GlobalSection(SolutionConfigurationPlatforms) = preSolution
		Debug|x64 = Debug|x64
		Debug|x86 = Debug|x86
		Release|x64 = Release|x64
		Release|x86 = Release|x86
	EndGlobalSection
	GlobalSection(ProjectConfigurationPlatforms) = postSolution
		{6B8FD385-F6C9-4EE9-8CE8-BB44A9200D11}.Debug|x64.ActiveCfg = Debug|x64
		{6B8FD385-F6C9-4EE9-8CE8-BB44A9200D11}.Debug|x64.Build.0 = Debug|x64
		{6B8FD385-F6C9-4EE9-8CE8-BB44A9200D11}.Debug|x86.ActiveCfg = Debug|Win32
		{6B8FD385-F6C9-4EE9-8CE8-BB44A9200D11}.Debug|x86.Build.0 = Debug|Win32
		{6B8FD385-F6C9-4EE9-8CE8-BB44A9200D11}.Release|x64.ActiveCfg = Release|x64
		{6B8FD385-F6C9-4EE9-8CE8-BB44A9200D11}.Release|x64.Build.0 = Release|x64
		{6B8FD385-F6C9-4EE9-8CE8-BB44A9200D11}.Release|x86.ActiveCfg = Release|Win32
		{6B8FD385-F6C9-4EE9-8CE8-BB44A9200D11}.Release|x86.Build.0 = Release|Win32
	EndGlobalSection
	GlobalSection(SolutionProperties) = preSolution
		HideSolutionNode = FALSE
	EndGlobalSection
	GlobalSection(ExtensibilityGlobals) = postSolution
		SolutionGuid = {40C06AC7-60C8-4D12-BAE2-FD37AC729D10}
	EndGlobalSection
EndGlobal
